{
  "nodes": {
    "esp32": {
      "inputs": {
        "nixpkgs": [
          "nixpkgs"
        ]
      },
      "locked": {
        "lastModified": 1725870727,
        "narHash": "sha256-cx3Lnw2g7evkzlIXq52ihHJFobxKEANMqowC5uibhFg=",
        "owner": "svelterust",
        "repo": "esp32",
        "rev": "be09a0a183482d9c5bb6cc9e5d9c01d43937cc43",
        "type": "github"
      },
      "original": {
        "owner": "svelterust",
        "repo": "esp32",
        "type": "github"
      }
    },
    "nixpkgs": {
      "locked": {
        "lastModified": 1733212471,
        "narHash": "sha256-M1+uCoV5igihRfcUKrr1riygbe73/dzNnzPsmaLCmpo=",
        "owner": "NixOS",
        "repo": "nixpkgs",
        "rev": "55d15ad12a74eb7d4646254e13638ad0c4128776",
        "type": "github"
      },
      "original": {
        "owner": "NixOS",
        "ref": "nixos-unstable",
        "repo": "nixpkgs",
        "type": "github"
      }
    },
    "root": {
      "inputs": {
        "esp32": "esp32",
        "nixpkgs": "nixpkgs"
      }
    }
  },
  "root": "root",
  "version": 7
}
